
Microsoft Visual Studio Solution File, Format Version 12.00
# Visual Studio 15
VisualStudioVersion = 15.0.26403.0
MinimumVisualStudioVersion = 10.0.40219.1
Project("{FAE04EC0-301F-11D3-BF4B-00C04F79EFBC}") = "WoofBuddy", "WoofBuddy\WoofBuddy.csproj", "{CE594FB2-112D-441F-A057-97E508F6BC11}"
EndProject
Project("{FAE04EC0-301F-11D3-BF4B-00C04F79EFBC}") = "WoofBuddy.Tests", "WoofBuddy.Tests\WoofBuddy.Tests.csproj", "{618E56C8-07A3-4012-88AC-F3E0C74AA3F6}"
EndProject
Global
	GlobalSection(SolutionConfigurationPlatforms) = preSolution
		Debug|Any CPU = Debug|Any CPU
		Release|Any CPU = Release|Any CPU
	EndGlobalSection
	GlobalSection(ProjectConfigurationPlatforms) = postSolution
		{CE594FB2-112D-441F-A057-97E508F6BC11}.Debug|Any CPU.ActiveCfg = Debug|Any CPU
		{CE594FB2-112D-441F-A057-97E508F6BC11}.Debug|Any CPU.Build.0 = Debug|Any CPU
		{CE594FB2-112D-441F-A057-97E508F6BC11}.Release|Any CPU.ActiveCfg = Release|Any CPU
		{CE594FB2-112D-441F-A057-97E508F6BC11}.Release|Any CPU.Build.0 = Release|Any CPU
		{618E56C8-07A3-4012-88AC-F3E0C74AA3F6}.Debug|Any CPU.ActiveCfg = Debug|Any CPU
		{618E56C8-07A3-4012-88AC-F3E0C74AA3F6}.Debug|Any CPU.Build.0 = Debug|Any CPU
		{618E56C8-07A3-4012-88AC-F3E0C74AA3F6}.Release|Any CPU.ActiveCfg = Release|Any CPU
		{618E56C8-07A3-4012-88AC-F3E0C74AA3F6}.Release|Any CPU.Build.0 = Release|Any CPU
	EndGlobalSection
	GlobalSection(SolutionProperties) = preSolution
		HideSolutionNode = FALSE
	EndGlobalSection
EndGlobal
